
Microsoft Visual Studio Solution File, Format Version 12.00
# Visual Studio Version 17
VisualStudioVersion = 17.0.31903.59
MinimumVisualStudioVersion = 10.0.40219.1
Project("{2150E333-8FDC-42A3-9474-1A3956D46DE8}") = "Backend", "Backend", "{59A452B9-D249-4E8D-A39D-07BC185DD57F}"
EndProject
Project("{FAE04EC0-301F-11D3-BF4B-00C04F79EFBC}") = "Backend", "Backend\Backend\Backend.csproj", "{6816B2D8-48C1-4FAE-A27C-A34C93483074}"
EndProject
Global
	GlobalSection(SolutionConfigurationPlatforms) = preSolution
		Debug|Any CPU = Debug|Any CPU
		Release|Any CPU = Release|Any CPU
	EndGlobalSection
	GlobalSection(SolutionProperties) = preSolution
		HideSolutionNode = FALSE
	EndGlobalSection
	GlobalSection(ProjectConfigurationPlatforms) = postSolution
		{6816B2D8-48C1-4FAE-A27C-A34C93483074}.Debug|Any CPU.ActiveCfg = Debug|Any CPU
		{6816B2D8-48C1-4FAE-A27C-A34C93483074}.Debug|Any CPU.Build.0 = Debug|Any CPU
		{6816B2D8-48C1-4FAE-A27C-A34C93483074}.Release|Any CPU.ActiveCfg = Release|Any CPU
		{6816B2D8-48C1-4FAE-A27C-A34C93483074}.Release|Any CPU.Build.0 = Release|Any CPU
	EndGlobalSection
	GlobalSection(NestedProjects) = preSolution
		{6816B2D8-48C1-4FAE-A27C-A34C93483074} = {59A452B9-D249-4E8D-A39D-07BC185DD57F}
	EndGlobalSection
EndGlobal
